
Microsoft Visual Studio Solution File, Format Version 12.00
# Visual Studio Version 17
VisualStudioVersion = 17.1.32319.34
MinimumVisualStudioVersion = 10.0.40219.1
Project("{FAE04EC0-301F-11D3-BF4B-00C04F79EFBC}") = "hyppodrom", "hyppodrom.csproj", "{8B97C86C-962A-48D0-9C91-8EA0F0B139A0}"
EndProject
Global
	GlobalSection(SolutionConfigurationPlatforms) = preSolution
		Debug|Any CPU = Debug|Any CPU
		Release|Any CPU = Release|Any CPU
	EndGlobalSection
	GlobalSection(ProjectConfigurationPlatforms) = postSolution
		{8B97C86C-962A-48D0-9C91-8EA0F0B139A0}.Debug|Any CPU.ActiveCfg = Debug|Any CPU
		{8B97C86C-962A-48D0-9C91-8EA0F0B139A0}.Debug|Any CPU.Build.0 = Debug|Any CPU
		{8B97C86C-962A-48D0-9C91-8EA0F0B139A0}.Release|Any CPU.ActiveCfg = Release|Any CPU
		{8B97C86C-962A-48D0-9C91-8EA0F0B139A0}.Release|Any CPU.Build.0 = Release|Any CPU
	EndGlobalSection
	GlobalSection(SolutionProperties) = preSolution
		HideSolutionNode = FALSE
	EndGlobalSection
	GlobalSection(ExtensibilityGlobals) = postSolution
		SolutionGuid = {944161F9-D6D4-4442-B85B-01C1EBBE4C37}
	EndGlobalSection
EndGlobal
